
Microsoft Visual Studio Solution File, Format Version 12.00
# Visual Studio Version 16
VisualStudioVersion = 16.0.30128.74
MinimumVisualStudioVersion = 10.0.40219.1
Project("{FAE04EC0-301F-11D3-BF4B-00C04F79EFBC}") = "WindowsFormsApp1", "WindowsFormsApp1\WindowsFormsApp1.csproj", "{5FE33779-7A0E-4B46-BAE4-8FC3AEF0BA73}"
EndProject
Global
	GlobalSection(SolutionConfigurationPlatforms) = preSolution
		Debug|Any CPU = Debug|Any CPU
		Release|Any CPU = Release|Any CPU
	EndGlobalSection
	GlobalSection(ProjectConfigurationPlatforms) = postSolution
		{5FE33779-7A0E-4B46-BAE4-8FC3AEF0BA73}.Debug|Any CPU.ActiveCfg = Debug|Any CPU
		{5FE33779-7A0E-4B46-BAE4-8FC3AEF0BA73}.Debug|Any CPU.Build.0 = Debug|Any CPU
		{5FE33779-7A0E-4B46-BAE4-8FC3AEF0BA73}.Release|Any CPU.ActiveCfg = Release|Any CPU
		{5FE33779-7A0E-4B46-BAE4-8FC3AEF0BA73}.Release|Any CPU.Build.0 = Release|Any CPU
	EndGlobalSection
	GlobalSection(SolutionProperties) = preSolution
		HideSolutionNode = FALSE
	EndGlobalSection
	GlobalSection(ExtensibilityGlobals) = postSolution
		SolutionGuid = {0942CAAF-5AD9-4895-87AE-C1F5BC53E20B}
	EndGlobalSection
EndGlobal
